// !$*UTF8*$!
{
	archiveVersion = 1;
	classes = {
	};
	objectVersion = 77;
	objects = {

/* Begin PBXBuildFile section */
		9D6715F52DE4D02B000173B1 /* Auth in Frameworks */ = {isa = PBXBuildFile; productRef = 9D6715F42DE4D02B000173B1 /* Auth */; };
		9D6715F72DE4D02B000173B1 /* Functions in Frameworks */ = {isa = PBXBuildFile; productRef = 9D6715F62DE4D02B000173B1 /* Functions */; };
		9D6715F92DE4D02B000173B1 /* PostgREST in Frameworks */ = {isa = PBXBuildFile; productRef = 9D6715F82DE4D02B000173B1 /* PostgREST */; };
		9D6715FB2DE4D02B000173B1 /* Realtime in Frameworks */ = {isa = PBXBuildFile; productRef = 9D6715FA2DE4D02B000173B1 /* Realtime */; };
		9D6715FD2DE4D02B000173B1 /* Storage in Frameworks */ = {isa = PBXBuildFile; productRef = 9D6715FC2DE4D02B000173B1 /* Storage */; };
		9D6715FF2DE4D02B000173B1 /* Supabase in Frameworks */ = {isa = PBXBuildFile; productRef = 9D6715FE2DE4D02B000173B1 /* Supabase */; };
		9D76633C2DF1FFD30091BB9A /* IngredientTemplateView.swift in Sources */ = {isa = PBXBuildFile; fileRef = 9D76633B2DF1FFD30091BB9A /* IngredientTemplateView.swift */; };
		D58B6B532DCDF720006EA229 /* MyFridge.swift in Sources */ = {isa = PBXBuildFile; fileRef = D58B6B352DCDF720006EA229 /* MyFridge.swift */; };
		D58B6B5E2DCDF720006EA229 /* MyFridgeScreen.swift in Sources */ = {isa = PBXBuildFile; fileRef = D58B6B442DCDF720006EA229 /* MyFridgeScreen.swift */; };
		D58B6B632DCDF720006EA229 /* ContentView.swift in Sources */ = {isa = PBXBuildFile; fileRef = D58B6B4D2DCDF720006EA229 /* ContentView.swift */; };
		D58B6B642DCDF720006EA229 /* IngrediScanApp.swift in Sources */ = {isa = PBXBuildFile; fileRef = D58B6B4E2DCDF720006EA229 /* IngrediScanApp.swift */; };
		D58B6B652DCDF720006EA229 /* ItalianPizza.json in Resources */ = {isa = PBXBuildFile; fileRef = D58B6B302DCDF720006EA229 /* ItalianPizza.json */; };
		D58B6B662DCDF720006EA229 /* Assets.xcassets in Resources */ = {isa = PBXBuildFile; fileRef = D58B6B4C2DCDF720006EA229 /* Assets.xcassets */; };
		D58B6B6F2DD272E5006EA229 /* MargheritaPizza.json in Resources */ = {isa = PBXBuildFile; fileRef = D58B6B6E2DD272DC006EA229 /* MargheritaPizza.json */; };
		D58B6B712DD27367006EA229 /* CapreseSalad.json in Resources */ = {isa = PBXBuildFile; fileRef = D58B6B702DD2735E006EA229 /* CapreseSalad.json */; };
		D58B6B732DD273D6006EA229 /* SpaghettiCabonara.json in Resources */ = {isa = PBXBuildFile; fileRef = D58B6B722DD273CB006EA229 /* SpaghettiCabonara.json */; };
		D58B6B7D2DD48F43006EA229 /* Tiramisu.json in Resources */ = {isa = PBXBuildFile; fileRef = D58B6B7C2DD48F3C006EA229 /* Tiramisu.json */; };
		D58B6B7F2DD48F7B006EA229 /* MinestroneSoup.json in Resources */ = {isa = PBXBuildFile; fileRef = D58B6B7E2DD48F72006EA229 /* MinestroneSoup.json */; };
		D58B6B812DD48FA6006EA229 /* Focaccia.json in Resources */ = {isa = PBXBuildFile; fileRef = D58B6B802DD48FA0006EA229 /* Focaccia.json */; };
		D58B6B852DD4905D006EA229 /* Bruschetta.json in Resources */ = {isa = PBXBuildFile; fileRef = D58B6B842DD49053006EA229 /* Bruschetta.json */; };
		D58B6B872DD49099006EA229 /* Lasagne.json in Resources */ = {isa = PBXBuildFile; fileRef = D58B6B862DD49093006EA229 /* Lasagne.json */; };
		D58B6B892DD490E8006EA229 /* PannaCotta.json in Resources */ = {isa = PBXBuildFile; fileRef = D58B6B882DD490E3006EA229 /* PannaCotta.json */; };
		D58B6B8D2DD49547006EA229 /* Gnocchi.json in Resources */ = {isa = PBXBuildFile; fileRef = D58B6B8C2DD49540006EA229 /* Gnocchi.json */; };
		D58B6B952DD72B4C006EA229 /* (null) in Sources */ = {isa = PBXBuildFile; };
		D58B6B972DD72D4B006EA229 /* (null) in Sources */ = {isa = PBXBuildFile; };
		D58C197A2DDDF67F00151F36 /* (null) in Sources */ = {isa = PBXBuildFile; };
		D58C197F2DDDFA5B00151F36 /* (null) in Sources */ = {isa = PBXBuildFile; };
		D58C19852DDF2F7D00151F36 /* (null) in Sources */ = {isa = PBXBuildFile; };
		D598DACA2DE0D1690093D5C1 /* StepTimeline.swift in Sources */ = {isa = PBXBuildFile; fileRef = D598DAC82DE0D1690093D5C1 /* StepTimeline.swift */; };
		D598DACB2DE0D1690093D5C1 /* RecipeCard.swift in Sources */ = {isa = PBXBuildFile; fileRef = D598DAC62DE0D1690093D5C1 /* RecipeCard.swift */; };
		D598DACC2DE0D1690093D5C1 /* TagList.swift in Sources */ = {isa = PBXBuildFile; fileRef = D598DAC92DE0D1690093D5C1 /* TagList.swift */; };
		D598DACD2DE0D1690093D5C1 /* CookingStatistics.swift in Sources */ = {isa = PBXBuildFile; fileRef = D598DAC42DE0D1690093D5C1 /* CookingStatistics.swift */; };
		D598DACF2DE0D1690093D5C1 /* IngredientList.swift in Sources */ = {isa = PBXBuildFile; fileRef = D598DAC52DE0D1690093D5C1 /* IngredientList.swift */; };
		D598DAD52DE0D1A30093D5C1 /* RecipeDetailView.swift in Sources */ = {isa = PBXBuildFile; fileRef = D598DAD02DE0D1A30093D5C1 /* RecipeDetailView.swift */; };
		D598DAE22DE0D1FD0093D5C1 /* IngredientsScreen.swift in Sources */ = {isa = PBXBuildFile; fileRef = D598DADE2DE0D1FD0093D5C1 /* IngredientsScreen.swift */; };
		D598DAE32DE0D1FD0093D5C1 /* IngredientTemplateListView.swift in Sources */ = {isa = PBXBuildFile; fileRef = D598DADF2DE0D1FD0093D5C1 /* IngredientTemplateListView.swift */; };
		D598DAE42DE0D1FD0093D5C1 /* IngredientSelectionView.swift in Sources */ = {isa = PBXBuildFile; fileRef = D598DADD2DE0D1FD0093D5C1 /* IngredientSelectionView.swift */; };
		D598DAE52DE0D1FD0093D5C1 /* SearchResultsScreen.swift in Sources */ = {isa = PBXBuildFile; fileRef = D598DAE02DE0D1FD0093D5C1 /* SearchResultsScreen.swift */; };
		D598DAE62DE0D1FD0093D5C1 /* SearchScreen.swift in Sources */ = {isa = PBXBuildFile; fileRef = D598DAE12DE0D1FD0093D5C1 /* SearchScreen.swift */; };
		D598DAE72DE0D1FD0093D5C1 /* FavoritesScreen.swift in Sources */ = {isa = PBXBuildFile; fileRef = D598DAD62DE0D1FD0093D5C1 /* FavoritesScreen.swift */; };
		D598DAE82DE0D1FD0093D5C1 /* FilterOptionsView.swift in Sources */ = {isa = PBXBuildFile; fileRef = D598DAD82DE0D1FD0093D5C1 /* FilterOptionsView.swift */; };
		D598DAE92DE0D1FD0093D5C1 /* IngredientBoxView.swift in Sources */ = {isa = PBXBuildFile; fileRef = D598DADA2DE0D1FD0093D5C1 /* IngredientBoxView.swift */; };
		D598DAEB2DE0D1FD0093D5C1 /* IngredientOverlayView.swift in Sources */ = {isa = PBXBuildFile; fileRef = D598DADB2DE0D1FD0093D5C1 /* IngredientOverlayView.swift */; };
		D598DAEC2DE0D1FD0093D5C1 /* IngredientSearchPickerView.swift in Sources */ = {isa = PBXBuildFile; fileRef = D598DADC2DE0D1FD0093D5C1 /* IngredientSearchPickerView.swift */; };
		D598DAEF2DE0D2410093D5C1 /* HomeScreen.swift in Sources */ = {isa = PBXBuildFile; fileRef = D598DAEE2DE0D2410093D5C1 /* HomeScreen.swift */; };
		D598DAF12DE0D2DF0093D5C1 /* ViewModel.swift in Sources */ = {isa = PBXBuildFile; fileRef = D598DAF02DE0D2DF0093D5C1 /* ViewModel.swift */; };
		D598DAF32DE0D2F50093D5C1 /* MockData.swift in Sources */ = {isa = PBXBuildFile; fileRef = D598DAF22DE0D2F50093D5C1 /* MockData.swift */; };
		D598DAF52DE0D30A0093D5C1 /* DatabaseService.swift in Sources */ = {isa = PBXBuildFile; fileRef = D598DAF42DE0D30A0093D5C1 /* DatabaseService.swift */; };
		D598DAFA2DE25A4F0093D5C1 /* RecipeImage.swift in Sources */ = {isa = PBXBuildFile; fileRef = D598DAF92DE25A4A0093D5C1 /* RecipeImage.swift */; };
		D598DAFC2DE267850093D5C1 /* ToggleFavoriteButton.swift in Sources */ = {isa = PBXBuildFile; fileRef = D598DAFB2DE267850093D5C1 /* ToggleFavoriteButton.swift */; };
		D598DAFE2DE271200093D5C1 /* DismissButton.swift in Sources */ = {isa = PBXBuildFile; fileRef = D598DAFD2DE271200093D5C1 /* DismissButton.swift */; };
		D5EC9EC22DF04BB7004C0D3D /* FilterView.swift in Sources */ = {isa = PBXBuildFile; fileRef = D5EC9EC12DF04BB7004C0D3D /* FilterView.swift */; };
		D5EC9EC42DF2D945004C0D3D /* Model.swift in Sources */ = {isa = PBXBuildFile; fileRef = D5EC9EC32DF2D945004C0D3D /* Model.swift */; };
		D5EC9EC82DF86E47004C0D3D /* SectionView.swift in Sources */ = {isa = PBXBuildFile; fileRef = D5EC9EC72DF86E47004C0D3D /* SectionView.swift */; };
		D5EC9ECA2DFC1434004C0D3D /* CookingTimer.swift in Sources */ = {isa = PBXBuildFile; fileRef = D5EC9EC92DFC1434004C0D3D /* CookingTimer.swift */; };
/* End PBXBuildFile section */

/* Begin PBXContainerItemProxy section */
		D53566102DBB784B007255D1 /* PBXContainerItemProxy */ = {
			isa = PBXContainerItemProxy;
			containerPortal = D53565FA2DBB7849007255D1 /* Project object */;
			proxyType = 1;
			remoteGlobalIDString = D53566012DBB7849007255D1;
			remoteInfo = IngrediScan;
		};
		D535661A2DBB784B007255D1 /* PBXContainerItemProxy */ = {
			isa = PBXContainerItemProxy;
			containerPortal = D53565FA2DBB7849007255D1 /* Project object */;
			proxyType = 1;
			remoteGlobalIDString = D53566012DBB7849007255D1;
			remoteInfo = IngrediScan;
		};
/* End PBXContainerItemProxy section */

/* Begin PBXFileReference section */
		9D76633B2DF1FFD30091BB9A /* IngredientTemplateView.swift */ = {isa = PBXFileReference; lastKnownFileType = sourcecode.swift; path = IngredientTemplateView.swift; sourceTree = "<group>"; };
		D53566022DBB7849007255D1 /* IngrediScan.app */ = {isa = PBXFileReference; explicitFileType = wrapper.application; includeInIndex = 0; path = IngrediScan.app; sourceTree = BUILT_PRODUCTS_DIR; };
		D535660F2DBB784B007255D1 /* IngrediScanTests.xctest */ = {isa = PBXFileReference; explicitFileType = wrapper.cfbundle; includeInIndex = 0; path = IngrediScanTests.xctest; sourceTree = BUILT_PRODUCTS_DIR; };
		D53566192DBB784B007255D1 /* IngrediScanUITests.xctest */ = {isa = PBXFileReference; explicitFileType = wrapper.cfbundle; includeInIndex = 0; path = IngrediScanUITests.xctest; sourceTree = BUILT_PRODUCTS_DIR; };
		D58B6B302DCDF720006EA229 /* ItalianPizza.json */ = {isa = PBXFileReference; lastKnownFileType = text.json; path = ItalianPizza.json; sourceTree = "<group>"; };
		D58B6B352DCDF720006EA229 /* MyFridge.swift */ = {isa = PBXFileReference; lastKnownFileType = sourcecode.swift; path = MyFridge.swift; sourceTree = "<group>"; };
		D58B6B442DCDF720006EA229 /* MyFridgeScreen.swift */ = {isa = PBXFileReference; lastKnownFileType = sourcecode.swift; path = MyFridgeScreen.swift; sourceTree = "<group>"; };
		D58B6B4C2DCDF720006EA229 /* Assets.xcassets */ = {isa = PBXFileReference; lastKnownFileType = folder.assetcatalog; path = Assets.xcassets; sourceTree = "<group>"; };
		D58B6B4D2DCDF720006EA229 /* ContentView.swift */ = {isa = PBXFileReference; lastKnownFileType = sourcecode.swift; path = ContentView.swift; sourceTree = "<group>"; };
		D58B6B4E2DCDF720006EA229 /* IngrediScanApp.swift */ = {isa = PBXFileReference; lastKnownFileType = sourcecode.swift; path = IngrediScanApp.swift; sourceTree = "<group>"; };
		D58B6B6E2DD272DC006EA229 /* MargheritaPizza.json */ = {isa = PBXFileReference; lastKnownFileType = text.json; path = MargheritaPizza.json; sourceTree = "<group>"; };
		D58B6B702DD2735E006EA229 /* CapreseSalad.json */ = {isa = PBXFileReference; lastKnownFileType = text.json; path = CapreseSalad.json; sourceTree = "<group>"; };
		D58B6B722DD273CB006EA229 /* SpaghettiCabonara.json */ = {isa = PBXFileReference; lastKnownFileType = text.json; path = SpaghettiCabonara.json; sourceTree = "<group>"; };
		D58B6B7C2DD48F3C006EA229 /* Tiramisu.json */ = {isa = PBXFileReference; lastKnownFileType = text.json; path = Tiramisu.json; sourceTree = "<group>"; };
		D58B6B7E2DD48F72006EA229 /* MinestroneSoup.json */ = {isa = PBXFileReference; lastKnownFileType = text.json; path = MinestroneSoup.json; sourceTree = "<group>"; };
		D58B6B802DD48FA0006EA229 /* Focaccia.json */ = {isa = PBXFileReference; lastKnownFileType = text.json; path = Focaccia.json; sourceTree = "<group>"; };
		D58B6B842DD49053006EA229 /* Bruschetta.json */ = {isa = PBXFileReference; lastKnownFileType = text.json; path = Bruschetta.json; sourceTree = "<group>"; };
		D58B6B862DD49093006EA229 /* Lasagne.json */ = {isa = PBXFileReference; lastKnownFileType = text.json; path = Lasagne.json; sourceTree = "<group>"; };
		D58B6B882DD490E3006EA229 /* PannaCotta.json */ = {isa = PBXFileReference; lastKnownFileType = text.json; path = PannaCotta.json; sourceTree = "<group>"; };
		D58B6B8C2DD49540006EA229 /* Gnocchi.json */ = {isa = PBXFileReference; lastKnownFileType = text.json; path = Gnocchi.json; sourceTree = "<group>"; };
		D598DAC42DE0D1690093D5C1 /* CookingStatistics.swift */ = {isa = PBXFileReference; lastKnownFileType = sourcecode.swift; path = CookingStatistics.swift; sourceTree = "<group>"; };
		D598DAC52DE0D1690093D5C1 /* IngredientList.swift */ = {isa = PBXFileReference; lastKnownFileType = sourcecode.swift; path = IngredientList.swift; sourceTree = "<group>"; };
		D598DAC62DE0D1690093D5C1 /* RecipeCard.swift */ = {isa = PBXFileReference; lastKnownFileType = sourcecode.swift; path = RecipeCard.swift; sourceTree = "<group>"; };
		D598DAC82DE0D1690093D5C1 /* StepTimeline.swift */ = {isa = PBXFileReference; lastKnownFileType = sourcecode.swift; path = StepTimeline.swift; sourceTree = "<group>"; };
		D598DAC92DE0D1690093D5C1 /* TagList.swift */ = {isa = PBXFileReference; lastKnownFileType = sourcecode.swift; path = TagList.swift; sourceTree = "<group>"; };
		D598DAD02DE0D1A30093D5C1 /* RecipeDetailView.swift */ = {isa = PBXFileReference; lastKnownFileType = sourcecode.swift; path = RecipeDetailView.swift; sourceTree = "<group>"; };
		D598DAD62DE0D1FD0093D5C1 /* FavoritesScreen.swift */ = {isa = PBXFileReference; lastKnownFileType = sourcecode.swift; path = FavoritesScreen.swift; sourceTree = "<group>"; };
		D598DAD82DE0D1FD0093D5C1 /* FilterOptionsView.swift */ = {isa = PBXFileReference; lastKnownFileType = sourcecode.swift; path = FilterOptionsView.swift; sourceTree = "<group>"; };
		D598DADA2DE0D1FD0093D5C1 /* IngredientBoxView.swift */ = {isa = PBXFileReference; lastKnownFileType = sourcecode.swift; path = IngredientBoxView.swift; sourceTree = "<group>"; };
		D598DADB2DE0D1FD0093D5C1 /* IngredientOverlayView.swift */ = {isa = PBXFileReference; lastKnownFileType = sourcecode.swift; path = IngredientOverlayView.swift; sourceTree = "<group>"; };
		D598DADC2DE0D1FD0093D5C1 /* IngredientSearchPickerView.swift */ = {isa = PBXFileReference; lastKnownFileType = sourcecode.swift; path = IngredientSearchPickerView.swift; sourceTree = "<group>"; };
		D598DADD2DE0D1FD0093D5C1 /* IngredientSelectionView.swift */ = {isa = PBXFileReference; lastKnownFileType = sourcecode.swift; path = IngredientSelectionView.swift; sourceTree = "<group>"; };
		D598DADE2DE0D1FD0093D5C1 /* IngredientsScreen.swift */ = {isa = PBXFileReference; lastKnownFileType = sourcecode.swift; path = IngredientsScreen.swift; sourceTree = "<group>"; };
		D598DADF2DE0D1FD0093D5C1 /* IngredientTemplateListView.swift */ = {isa = PBXFileReference; lastKnownFileType = sourcecode.swift; path = IngredientTemplateListView.swift; sourceTree = "<group>"; };
		D598DAE02DE0D1FD0093D5C1 /* SearchResultsScreen.swift */ = {isa = PBXFileReference; lastKnownFileType = sourcecode.swift; path = SearchResultsScreen.swift; sourceTree = "<group>"; };
		D598DAE12DE0D1FD0093D5C1 /* SearchScreen.swift */ = {isa = PBXFileReference; lastKnownFileType = sourcecode.swift; path = SearchScreen.swift; sourceTree = "<group>"; };
		D598DAEE2DE0D2410093D5C1 /* HomeScreen.swift */ = {isa = PBXFileReference; lastKnownFileType = sourcecode.swift; path = HomeScreen.swift; sourceTree = "<group>"; };
		D598DAF02DE0D2DF0093D5C1 /* ViewModel.swift */ = {isa = PBXFileReference; lastKnownFileType = sourcecode.swift; path = ViewModel.swift; sourceTree = "<group>"; };
		D598DAF22DE0D2F50093D5C1 /* MockData.swift */ = {isa = PBXFileReference; lastKnownFileType = sourcecode.swift; path = MockData.swift; sourceTree = "<group>"; };
		D598DAF42DE0D30A0093D5C1 /* DatabaseService.swift */ = {isa = PBXFileReference; lastKnownFileType = sourcecode.swift; path = DatabaseService.swift; sourceTree = "<group>"; };
		D598DAF92DE25A4A0093D5C1 /* RecipeImage.swift */ = {isa = PBXFileReference; lastKnownFileType = sourcecode.swift; path = RecipeImage.swift; sourceTree = "<group>"; };
		D598DAFB2DE267850093D5C1 /* ToggleFavoriteButton.swift */ = {isa = PBXFileReference; lastKnownFileType = sourcecode.swift; path = ToggleFavoriteButton.swift; sourceTree = "<group>"; };
		D598DAFD2DE271200093D5C1 /* DismissButton.swift */ = {isa = PBXFileReference; lastKnownFileType = sourcecode.swift; path = DismissButton.swift; sourceTree = "<group>"; };
		D5EC9EC12DF04BB7004C0D3D /* FilterView.swift */ = {isa = PBXFileReference; lastKnownFileType = sourcecode.swift; path = FilterView.swift; sourceTree = "<group>"; };
		D5EC9EC32DF2D945004C0D3D /* Model.swift */ = {isa = PBXFileReference; lastKnownFileType = sourcecode.swift; path = Model.swift; sourceTree = "<group>"; };
		D5EC9EC72DF86E47004C0D3D /* SectionView.swift */ = {isa = PBXFileReference; lastKnownFileType = sourcecode.swift; path = SectionView.swift; sourceTree = "<group>"; };
		D5EC9EC92DFC1434004C0D3D /* CookingTimer.swift */ = {isa = PBXFileReference; lastKnownFileType = sourcecode.swift; path = CookingTimer.swift; sourceTree = "<group>"; };
/* End PBXFileReference section */

/* Begin PBXFrameworksBuildPhase section */
		D53565FF2DBB7849007255D1 /* Frameworks */ = {
			isa = PBXFrameworksBuildPhase;
			buildActionMask = 2147483647;
			files = (
				9D6715F92DE4D02B000173B1 /* PostgREST in Frameworks */,
				9D6715F72DE4D02B000173B1 /* Functions in Frameworks */,
				9D6715FF2DE4D02B000173B1 /* Supabase in Frameworks */,
				9D6715F52DE4D02B000173B1 /* Auth in Frameworks */,
				9D6715FD2DE4D02B000173B1 /* Storage in Frameworks */,
				9D6715FB2DE4D02B000173B1 /* Realtime in Frameworks */,
			);
			runOnlyForDeploymentPostprocessing = 0;
		};
		D535660C2DBB784B007255D1 /* Frameworks */ = {
			isa = PBXFrameworksBuildPhase;
			buildActionMask = 2147483647;
			files = (
			);
			runOnlyForDeploymentPostprocessing = 0;
		};
		D53566162DBB784B007255D1 /* Frameworks */ = {
			isa = PBXFrameworksBuildPhase;
			buildActionMask = 2147483647;
			files = (
			);
			runOnlyForDeploymentPostprocessing = 0;
		};
/* End PBXFrameworksBuildPhase section */

/* Begin PBXGroup section */
		9D76633A2DF1B9130091BB9A /* FridgeScreenViews */ = {
			isa = PBXGroup;
			children = (
				D598DADB2DE0D1FD0093D5C1 /* IngredientOverlayView.swift */,
				D598DADF2DE0D1FD0093D5C1 /* IngredientTemplateListView.swift */,
				D598DADA2DE0D1FD0093D5C1 /* IngredientBoxView.swift */,
				9D76633B2DF1FFD30091BB9A /* IngredientTemplateView.swift */,
			);
			path = FridgeScreenViews;
			sourceTree = "<group>";
		};
		D53565F92DBB7849007255D1 = {
			isa = PBXGroup;
			children = (
				D58B6B4F2DCDF720006EA229 /* IngrediScan */,
				D53566032DBB7849007255D1 /* Products */,
			);
			sourceTree = "<group>";
		};
		D53566032DBB7849007255D1 /* Products */ = {
			isa = PBXGroup;
			children = (
				D53566022DBB7849007255D1 /* IngrediScan.app */,
				D535660F2DBB784B007255D1 /* IngrediScanTests.xctest */,
				D53566192DBB784B007255D1 /* IngrediScanUITests.xctest */,
			);
			name = Products;
			sourceTree = "<group>";
		};
		D58B6B322DCDF720006EA229 /* MockData */ = {
			isa = PBXGroup;
			children = (
				D598DAF22DE0D2F50093D5C1 /* MockData.swift */,
				D58B6B8C2DD49540006EA229 /* Gnocchi.json */,
				D58B6B882DD490E3006EA229 /* PannaCotta.json */,
				D58B6B862DD49093006EA229 /* Lasagne.json */,
				D58B6B842DD49053006EA229 /* Bruschetta.json */,
				D58B6B802DD48FA0006EA229 /* Focaccia.json */,
				D58B6B7E2DD48F72006EA229 /* MinestroneSoup.json */,
				D58B6B7C2DD48F3C006EA229 /* Tiramisu.json */,
				D58B6B722DD273CB006EA229 /* SpaghettiCabonara.json */,
				D58B6B702DD2735E006EA229 /* CapreseSalad.json */,
				D58B6B6E2DD272DC006EA229 /* MargheritaPizza.json */,
				D58B6B302DCDF720006EA229 /* ItalianPizza.json */,
			);
			path = MockData;
			sourceTree = "<group>";
		};
		D58B6B382DCDF720006EA229 /* Model */ = {
			isa = PBXGroup;
			children = (
				D5EC9EBE2DEC9C41004C0D3D /* Local */,
				D5EC9EC32DF2D945004C0D3D /* Model.swift */,
			);
			path = Model;
			sourceTree = "<group>";
		};
		D58B6B402DCDF720006EA229 /* Components */ = {
			isa = PBXGroup;
			children = (
				D598DAF92DE25A4A0093D5C1 /* RecipeImage.swift */,
				D598DAC42DE0D1690093D5C1 /* CookingStatistics.swift */,
				D598DAC52DE0D1690093D5C1 /* IngredientList.swift */,
				D598DAC62DE0D1690093D5C1 /* RecipeCard.swift */,
				D598DAC82DE0D1690093D5C1 /* StepTimeline.swift */,
				D598DAC92DE0D1690093D5C1 /* TagList.swift */,
				D598DAFB2DE267850093D5C1 /* ToggleFavoriteButton.swift */,
				D598DAFD2DE271200093D5C1 /* DismissButton.swift */,
				D5EC9EC92DFC1434004C0D3D /* CookingTimer.swift */,
			);
			path = Components;
			sourceTree = "<group>";
		};
		D58B6B4B2DCDF720006EA229 /* Views */ = {
			isa = PBXGroup;
			children = (
				D598DAD02DE0D1A30093D5C1 /* RecipeDetailView.swift */,
				9D76633A2DF1B9130091BB9A /* FridgeScreenViews */,
				D598DAD82DE0D1FD0093D5C1 /* FilterOptionsView.swift */,
				D598DADC2DE0D1FD0093D5C1 /* IngredientSearchPickerView.swift */,
				D598DADD2DE0D1FD0093D5C1 /* IngredientSelectionView.swift */,
				D598DADE2DE0D1FD0093D5C1 /* IngredientsScreen.swift */,
				D598DAE02DE0D1FD0093D5C1 /* SearchResultsScreen.swift */,
				D5EC9EC12DF04BB7004C0D3D /* FilterView.swift */,
				D5EC9EC72DF86E47004C0D3D /* SectionView.swift */,
			);
			path = Views;
			sourceTree = "<group>";
		};
		D58B6B4F2DCDF720006EA229 /* IngrediScan */ = {
			isa = PBXGroup;
			children = (
				D58C197D2DDDFA4300151F36 /* Services */,
				D58B6B322DCDF720006EA229 /* MockData */,
				D58B6B382DCDF720006EA229 /* Model */,
				D58B6B692DCE734D006EA229 /* ViewModel */,
				D58B6B402DCDF720006EA229 /* Components */,
				D58B6B4B2DCDF720006EA229 /* Views */,
				D58C19782DDDF13200151F36 /* Screens */,
				D58B6B4C2DCDF720006EA229 /* Assets.xcassets */,
				D58B6B4D2DCDF720006EA229 /* ContentView.swift */,
				D58B6B4E2DCDF720006EA229 /* IngrediScanApp.swift */,
			);
			path = IngrediScan;
			sourceTree = "<group>";
		};
		D58B6B692DCE734D006EA229 /* ViewModel */ = {
			isa = PBXGroup;
			children = (
				D598DAF02DE0D2DF0093D5C1 /* ViewModel.swift */,
			);
			path = ViewModel;
			sourceTree = "<group>";
		};
		D58C19782DDDF13200151F36 /* Screens */ = {
			isa = PBXGroup;
			children = (
				D58B6B442DCDF720006EA229 /* MyFridgeScreen.swift */,
				D598DAEE2DE0D2410093D5C1 /* HomeScreen.swift */,
				D598DAD62DE0D1FD0093D5C1 /* FavoritesScreen.swift */,
				D598DAE12DE0D1FD0093D5C1 /* SearchScreen.swift */,
			);
			path = Screens;
			sourceTree = "<group>";
		};
		D58C197D2DDDFA4300151F36 /* Services */ = {
			isa = PBXGroup;
			children = (
				D598DAF42DE0D30A0093D5C1 /* DatabaseService.swift */,
			);
			path = Services;
			sourceTree = "<group>";
		};
		D5EC9EBE2DEC9C41004C0D3D /* Local */ = {
			isa = PBXGroup;
			children = (
				D58B6B352DCDF720006EA229 /* MyFridge.swift */,
			);
			path = Local;
			sourceTree = "<group>";
		};
/* End PBXGroup section */

/* Begin PBXNativeTarget section */
		D53566012DBB7849007255D1 /* IngrediScan */ = {
			isa = PBXNativeTarget;
			buildConfigurationList = D53566232DBB784B007255D1 /* Build configuration list for PBXNativeTarget "IngrediScan" */;
			buildPhases = (
				D53565FE2DBB7849007255D1 /* Sources */,
				D53565FF2DBB7849007255D1 /* Frameworks */,
				D53566002DBB7849007255D1 /* Resources */,
			);
			buildRules = (
			);
			dependencies = (
			);
			name = IngrediScan;
			packageProductDependencies = (
				9D6715F42DE4D02B000173B1 /* Auth */,
				9D6715F62DE4D02B000173B1 /* Functions */,
				9D6715F82DE4D02B000173B1 /* PostgREST */,
				9D6715FA2DE4D02B000173B1 /* Realtime */,
				9D6715FC2DE4D02B000173B1 /* Storage */,
				9D6715FE2DE4D02B000173B1 /* Supabase */,
			);
			productName = IngrediScan;
			productReference = D53566022DBB7849007255D1 /* IngrediScan.app */;
			productType = "com.apple.product-type.application";
		};
		D535660E2DBB784B007255D1 /* IngrediScanTests */ = {
			isa = PBXNativeTarget;
			buildConfigurationList = D53566262DBB784B007255D1 /* Build configuration list for PBXNativeTarget "IngrediScanTests" */;
			buildPhases = (
				D535660B2DBB784B007255D1 /* Sources */,
				D535660C2DBB784B007255D1 /* Frameworks */,
				D535660D2DBB784B007255D1 /* Resources */,
			);
			buildRules = (
			);
			dependencies = (
				D53566112DBB784B007255D1 /* PBXTargetDependency */,
			);
			name = IngrediScanTests;
			packageProductDependencies = (
			);
			productName = IngrediScanTests;
			productReference = D535660F2DBB784B007255D1 /* IngrediScanTests.xctest */;
			productType = "com.apple.product-type.bundle.unit-test";
		};
		D53566182DBB784B007255D1 /* IngrediScanUITests */ = {
			isa = PBXNativeTarget;
			buildConfigurationList = D53566292DBB784B007255D1 /* Build configuration list for PBXNativeTarget "IngrediScanUITests" */;
			buildPhases = (
				D53566152DBB784B007255D1 /* Sources */,
				D53566162DBB784B007255D1 /* Frameworks */,
				D53566172DBB784B007255D1 /* Resources */,
			);
			buildRules = (
			);
			dependencies = (
				D535661B2DBB784B007255D1 /* PBXTargetDependency */,
			);
			name = IngrediScanUITests;
			packageProductDependencies = (
			);
			productName = IngrediScanUITests;
			productReference = D53566192DBB784B007255D1 /* IngrediScanUITests.xctest */;
			productType = "com.apple.product-type.bundle.ui-testing";
		};
/* End PBXNativeTarget section */

/* Begin PBXProject section */
		D53565FA2DBB7849007255D1 /* Project object */ = {
			isa = PBXProject;
			attributes = {
				BuildIndependentTargetsInParallel = 1;
				LastSwiftUpdateCheck = 1630;
				LastUpgradeCheck = 1630;
				TargetAttributes = {
					D53566012DBB7849007255D1 = {
						CreatedOnToolsVersion = 16.3;
					};
					D535660E2DBB784B007255D1 = {
						CreatedOnToolsVersion = 16.3;
						TestTargetID = D53566012DBB7849007255D1;
					};
					D53566182DBB784B007255D1 = {
						CreatedOnToolsVersion = 16.3;
						TestTargetID = D53566012DBB7849007255D1;
					};
				};
			};
			buildConfigurationList = D53565FD2DBB7849007255D1 /* Build configuration list for PBXProject "IngrediScan" */;
			developmentRegion = en;
			hasScannedForEncodings = 0;
			knownRegions = (
				en,
				Base,
			);
			mainGroup = D53565F92DBB7849007255D1;
			minimizedProjectReferenceProxies = 1;
			packageReferences = (
				9D6715ED2DE4C78E000173B1 /* XCRemoteSwiftPackageReference "supabase-swift" */,
			);
			preferredProjectObjectVersion = 77;
			productRefGroup = D53566032DBB7849007255D1 /* Products */;
			projectDirPath = "";
			projectRoot = "";
			targets = (
				D53566012DBB7849007255D1 /* IngrediScan */,
				D535660E2DBB784B007255D1 /* IngrediScanTests */,
				D53566182DBB784B007255D1 /* IngrediScanUITests */,
			);
		};
/* End PBXProject section */

/* Begin PBXResourcesBuildPhase section */
		D53566002DBB7849007255D1 /* Resources */ = {
			isa = PBXResourcesBuildPhase;
			buildActionMask = 2147483647;
			files = (
				D58B6B732DD273D6006EA229 /* SpaghettiCabonara.json in Resources */,
				D58B6B872DD49099006EA229 /* Lasagne.json in Resources */,
				D58B6B652DCDF720006EA229 /* ItalianPizza.json in Resources */,
				D58B6B712DD27367006EA229 /* CapreseSalad.json in Resources */,
				D58B6B6F2DD272E5006EA229 /* MargheritaPizza.json in Resources */,
				D58B6B7F2DD48F7B006EA229 /* MinestroneSoup.json in Resources */,
				D58B6B852DD4905D006EA229 /* Bruschetta.json in Resources */,
				D58B6B8D2DD49547006EA229 /* Gnocchi.json in Resources */,
				D58B6B662DCDF720006EA229 /* Assets.xcassets in Resources */,
				D58B6B892DD490E8006EA229 /* PannaCotta.json in Resources */,
				D58B6B812DD48FA6006EA229 /* Focaccia.json in Resources */,
				D58B6B7D2DD48F43006EA229 /* Tiramisu.json in Resources */,
			);
			runOnlyForDeploymentPostprocessing = 0;
		};
		D535660D2DBB784B007255D1 /* Resources */ = {
			isa = PBXResourcesBuildPhase;
			buildActionMask = 2147483647;
			files = (
			);
			runOnlyForDeploymentPostprocessing = 0;
		};
		D53566172DBB784B007255D1 /* Resources */ = {
			isa = PBXResourcesBuildPhase;
			buildActionMask = 2147483647;
			files = (
			);
			runOnlyForDeploymentPostprocessing = 0;
		};
/* End PBXResourcesBuildPhase section */

/* Begin PBXSourcesBuildPhase section */
		D53565FE2DBB7849007255D1 /* Sources */ = {
			isa = PBXSourcesBuildPhase;
			buildActionMask = 2147483647;
			files = (
				D598DAFA2DE25A4F0093D5C1 /* RecipeImage.swift in Sources */,
				D58B6B972DD72D4B006EA229 /* (null) in Sources */,
				D598DACA2DE0D1690093D5C1 /* StepTimeline.swift in Sources */,
				D598DAE22DE0D1FD0093D5C1 /* IngredientsScreen.swift in Sources */,
				D598DAE32DE0D1FD0093D5C1 /* IngredientTemplateListView.swift in Sources */,
				D598DAE42DE0D1FD0093D5C1 /* IngredientSelectionView.swift in Sources */,
				D598DAFC2DE267850093D5C1 /* ToggleFavoriteButton.swift in Sources */,
				D598DAE52DE0D1FD0093D5C1 /* SearchResultsScreen.swift in Sources */,
				D598DAF52DE0D30A0093D5C1 /* DatabaseService.swift in Sources */,
				D598DAE62DE0D1FD0093D5C1 /* SearchScreen.swift in Sources */,
				D5EC9EC22DF04BB7004C0D3D /* FilterView.swift in Sources */,
				D598DAE72DE0D1FD0093D5C1 /* FavoritesScreen.swift in Sources */,
				D598DAE82DE0D1FD0093D5C1 /* FilterOptionsView.swift in Sources */,
				D598DAE92DE0D1FD0093D5C1 /* IngredientBoxView.swift in Sources */,
				D598DAEB2DE0D1FD0093D5C1 /* IngredientOverlayView.swift in Sources */,
				D598DAEC2DE0D1FD0093D5C1 /* IngredientSearchPickerView.swift in Sources */,
				D598DACB2DE0D1690093D5C1 /* RecipeCard.swift in Sources */,
				D598DACC2DE0D1690093D5C1 /* TagList.swift in Sources */,
				D598DACD2DE0D1690093D5C1 /* CookingStatistics.swift in Sources */,
				9D76633C2DF1FFD30091BB9A /* IngredientTemplateView.swift in Sources */,
				D598DAD52DE0D1A30093D5C1 /* RecipeDetailView.swift in Sources */,
				D598DACF2DE0D1690093D5C1 /* IngredientList.swift in Sources */,
				D58B6B532DCDF720006EA229 /* MyFridge.swift in Sources */,
				D58C19852DDF2F7D00151F36 /* (null) in Sources */,
				D58B6B952DD72B4C006EA229 /* (null) in Sources */,
				D598DAF32DE0D2F50093D5C1 /* MockData.swift in Sources */,
				D598DAF12DE0D2DF0093D5C1 /* ViewModel.swift in Sources */,
				D5EC9EC42DF2D945004C0D3D /* Model.swift in Sources */,
				D58C197F2DDDFA5B00151F36 /* (null) in Sources */,
				D58C197A2DDDF67F00151F36 /* (null) in Sources */,
				D598DAEF2DE0D2410093D5C1 /* HomeScreen.swift in Sources */,
				D5EC9ECA2DFC1434004C0D3D /* CookingTimer.swift in Sources */,
				D58B6B5E2DCDF720006EA229 /* MyFridgeScreen.swift in Sources */,
				D5EC9EC82DF86E47004C0D3D /* SectionView.swift in Sources */,
				D58B6B632DCDF720006EA229 /* ContentView.swift in Sources */,
				D598DAFE2DE271200093D5C1 /* DismissButton.swift in Sources */,
				D58B6B642DCDF720006EA229 /* IngrediScanApp.swift in Sources */,
			);
			runOnlyForDeploymentPostprocessing = 0;
		};
		D535660B2DBB784B007255D1 /* Sources */ = {
			isa = PBXSourcesBuildPhase;
			buildActionMask = 2147483647;
			files = (
			);
			runOnlyForDeploymentPostprocessing = 0;
		};
		D53566152DBB784B007255D1 /* Sources */ = {
			isa = PBXSourcesBuildPhase;
			buildActionMask = 2147483647;
			files = (
			);
			runOnlyForDeploymentPostprocessing = 0;
		};
/* End PBXSourcesBuildPhase section */

/* Begin PBXTargetDependency section */
		D53566112DBB784B007255D1 /* PBXTargetDependency */ = {
			isa = PBXTargetDependency;
			target = D53566012DBB7849007255D1 /* IngrediScan */;
			targetProxy = D53566102DBB784B007255D1 /* PBXContainerItemProxy */;
		};
		D535661B2DBB784B007255D1 /* PBXTargetDependency */ = {
			isa = PBXTargetDependency;
			target = D53566012DBB7849007255D1 /* IngrediScan */;
			targetProxy = D535661A2DBB784B007255D1 /* PBXContainerItemProxy */;
		};
/* End PBXTargetDependency section */

/* Begin XCBuildConfiguration section */
		D53566212DBB784B007255D1 /* Debug */ = {
			isa = XCBuildConfiguration;
			buildSettings = {
				ALWAYS_SEARCH_USER_PATHS = NO;
				ASSETCATALOG_COMPILER_GENERATE_SWIFT_ASSET_SYMBOL_EXTENSIONS = YES;
				CLANG_ANALYZER_NONNULL = YES;
				CLANG_ANALYZER_NUMBER_OBJECT_CONVERSION = YES_AGGRESSIVE;
				CLANG_CXX_LANGUAGE_STANDARD = "gnu++20";
				CLANG_ENABLE_MODULES = YES;
				CLANG_ENABLE_OBJC_ARC = YES;
				CLANG_ENABLE_OBJC_WEAK = YES;
				CLANG_WARN_BLOCK_CAPTURE_AUTORELEASING = YES;
				CLANG_WARN_BOOL_CONVERSION = YES;
				CLANG_WARN_COMMA = YES;
				CLANG_WARN_CONSTANT_CONVERSION = YES;
				CLANG_WARN_DEPRECATED_OBJC_IMPLEMENTATIONS = YES;
				CLANG_WARN_DIRECT_OBJC_ISA_USAGE = YES_ERROR;
				CLANG_WARN_DOCUMENTATION_COMMENTS = YES;
				CLANG_WARN_EMPTY_BODY = YES;
				CLANG_WARN_ENUM_CONVERSION = YES;
				CLANG_WARN_INFINITE_RECURSION = YES;
				CLANG_WARN_INT_CONVERSION = YES;
				CLANG_WARN_NON_LITERAL_NULL_CONVERSION = YES;
				CLANG_WARN_OBJC_IMPLICIT_RETAIN_SELF = YES;
				CLANG_WARN_OBJC_LITERAL_CONVERSION = YES;
				CLANG_WARN_OBJC_ROOT_CLASS = YES_ERROR;
				CLANG_WARN_QUOTED_INCLUDE_IN_FRAMEWORK_HEADER = YES;
				CLANG_WARN_RANGE_LOOP_ANALYSIS = YES;
				CLANG_WARN_STRICT_PROTOTYPES = YES;
				CLANG_WARN_SUSPICIOUS_MOVE = YES;
				CLANG_WARN_UNGUARDED_AVAILABILITY = YES_AGGRESSIVE;
				CLANG_WARN_UNREACHABLE_CODE = YES;
				CLANG_WARN__DUPLICATE_METHOD_MATCH = YES;
				COPY_PHASE_STRIP = NO;
				DEBUG_INFORMATION_FORMAT = dwarf;
				ENABLE_STRICT_OBJC_MSGSEND = YES;
				ENABLE_TESTABILITY = YES;
				ENABLE_USER_SCRIPT_SANDBOXING = YES;
				GCC_C_LANGUAGE_STANDARD = gnu17;
				GCC_DYNAMIC_NO_PIC = NO;
				GCC_NO_COMMON_BLOCKS = YES;
				GCC_OPTIMIZATION_LEVEL = 0;
				GCC_PREPROCESSOR_DEFINITIONS = (
					"DEBUG=1",
					"$(inherited)",
				);
				GCC_WARN_64_TO_32_BIT_CONVERSION = YES;
				GCC_WARN_ABOUT_RETURN_TYPE = YES_ERROR;
				GCC_WARN_UNDECLARED_SELECTOR = YES;
				GCC_WARN_UNINITIALIZED_AUTOS = YES_AGGRESSIVE;
				GCC_WARN_UNUSED_FUNCTION = YES;
				GCC_WARN_UNUSED_VARIABLE = YES;
				IPHONEOS_DEPLOYMENT_TARGET = 18.4;
				LOCALIZATION_PREFERS_STRING_CATALOGS = YES;
				MTL_ENABLE_DEBUG_INFO = INCLUDE_SOURCE;
				MTL_FAST_MATH = YES;
				ONLY_ACTIVE_ARCH = YES;
				SDKROOT = iphoneos;
				SWIFT_ACTIVE_COMPILATION_CONDITIONS = "DEBUG $(inherited)";
				SWIFT_OPTIMIZATION_LEVEL = "-Onone";
			};
			name = Debug;
		};
		D53566222DBB784B007255D1 /* Release */ = {
			isa = XCBuildConfiguration;
			buildSettings = {
				ALWAYS_SEARCH_USER_PATHS = NO;
				ASSETCATALOG_COMPILER_GENERATE_SWIFT_ASSET_SYMBOL_EXTENSIONS = YES;
				CLANG_ANALYZER_NONNULL = YES;
				CLANG_ANALYZER_NUMBER_OBJECT_CONVERSION = YES_AGGRESSIVE;
				CLANG_CXX_LANGUAGE_STANDARD = "gnu++20";
				CLANG_ENABLE_MODULES = YES;
				CLANG_ENABLE_OBJC_ARC = YES;
				CLANG_ENABLE_OBJC_WEAK = YES;
				CLANG_WARN_BLOCK_CAPTURE_AUTORELEASING = YES;
				CLANG_WARN_BOOL_CONVERSION = YES;
				CLANG_WARN_COMMA = YES;
				CLANG_WARN_CONSTANT_CONVERSION = YES;
				CLANG_WARN_DEPRECATED_OBJC_IMPLEMENTATIONS = YES;
				CLANG_WARN_DIRECT_OBJC_ISA_USAGE = YES_ERROR;
				CLANG_WARN_DOCUMENTATION_COMMENTS = YES;
				CLANG_WARN_EMPTY_BODY = YES;
				CLANG_WARN_ENUM_CONVERSION = YES;
				CLANG_WARN_INFINITE_RECURSION = YES;
				CLANG_WARN_INT_CONVERSION = YES;
				CLANG_WARN_NON_LITERAL_NULL_CONVERSION = YES;
				CLANG_WARN_OBJC_IMPLICIT_RETAIN_SELF = YES;
				CLANG_WARN_OBJC_LITERAL_CONVERSION = YES;
				CLANG_WARN_OBJC_ROOT_CLASS = YES_ERROR;
				CLANG_WARN_QUOTED_INCLUDE_IN_FRAMEWORK_HEADER = YES;
				CLANG_WARN_RANGE_LOOP_ANALYSIS = YES;
				CLANG_WARN_STRICT_PROTOTYPES = YES;
				CLANG_WARN_SUSPICIOUS_MOVE = YES;
				CLANG_WARN_UNGUARDED_AVAILABILITY = YES_AGGRESSIVE;
				CLANG_WARN_UNREACHABLE_CODE = YES;
				CLANG_WARN__DUPLICATE_METHOD_MATCH = YES;
				COPY_PHASE_STRIP = NO;
				DEBUG_INFORMATION_FORMAT = "dwarf-with-dsym";
				ENABLE_NS_ASSERTIONS = NO;
				ENABLE_STRICT_OBJC_MSGSEND = YES;
				ENABLE_USER_SCRIPT_SANDBOXING = YES;
				GCC_C_LANGUAGE_STANDARD = gnu17;
				GCC_NO_COMMON_BLOCKS = YES;
				GCC_WARN_64_TO_32_BIT_CONVERSION = YES;
				GCC_WARN_ABOUT_RETURN_TYPE = YES_ERROR;
				GCC_WARN_UNDECLARED_SELECTOR = YES;
				GCC_WARN_UNINITIALIZED_AUTOS = YES_AGGRESSIVE;
				GCC_WARN_UNUSED_FUNCTION = YES;
				GCC_WARN_UNUSED_VARIABLE = YES;
				IPHONEOS_DEPLOYMENT_TARGET = 18.4;
				LOCALIZATION_PREFERS_STRING_CATALOGS = YES;
				MTL_ENABLE_DEBUG_INFO = NO;
				MTL_FAST_MATH = YES;
				SDKROOT = iphoneos;
				SWIFT_COMPILATION_MODE = wholemodule;
				VALIDATE_PRODUCT = YES;
			};
			name = Release;
		};
		D53566242DBB784B007255D1 /* Debug */ = {
			isa = XCBuildConfiguration;
			buildSettings = {
				ASSETCATALOG_COMPILER_APPICON_NAME = AppIcon;
				ASSETCATALOG_COMPILER_GLOBAL_ACCENT_COLOR_NAME = AccentColor;
				CODE_SIGN_STYLE = Automatic;
				CURRENT_PROJECT_VERSION = 1;
				DEVELOPMENT_TEAM = W767S6Q27S;
				ENABLE_PREVIEWS = YES;
				GENERATE_INFOPLIST_FILE = YES;
				INFOPLIST_KEY_UIApplicationSceneManifest_Generation = YES;
				INFOPLIST_KEY_UIApplicationSupportsIndirectInputEvents = YES;
				INFOPLIST_KEY_UILaunchScreen_Generation = YES;
				INFOPLIST_KEY_UISupportedInterfaceOrientations_iPad = "UIInterfaceOrientationPortrait UIInterfaceOrientationPortraitUpsideDown UIInterfaceOrientationLandscapeLeft UIInterfaceOrientationLandscapeRight";
				INFOPLIST_KEY_UISupportedInterfaceOrientations_iPhone = "UIInterfaceOrientationPortrait UIInterfaceOrientationLandscapeLeft UIInterfaceOrientationLandscapeRight";
				LD_RUNPATH_SEARCH_PATHS = (
					"$(inherited)",
					"@executable_path/Frameworks",
				);
				MARKETING_VERSION = 1.0;
				PRODUCT_BUNDLE_IDENTIFIER = IngrediScan;
				PRODUCT_NAME = "$(TARGET_NAME)";
				SWIFT_EMIT_LOC_STRINGS = YES;
				SWIFT_VERSION = 5.0;
				TARGETED_DEVICE_FAMILY = "1,2";
			};
			name = Debug;
		};
		D53566252DBB784B007255D1 /* Release */ = {
			isa = XCBuildConfiguration;
			buildSettings = {
				ASSETCATALOG_COMPILER_APPICON_NAME = AppIcon;
				ASSETCATALOG_COMPILER_GLOBAL_ACCENT_COLOR_NAME = AccentColor;
				CODE_SIGN_STYLE = Automatic;
				CURRENT_PROJECT_VERSION = 1;
				DEVELOPMENT_TEAM = W767S6Q27S;
				ENABLE_PREVIEWS = YES;
				GENERATE_INFOPLIST_FILE = YES;
				INFOPLIST_KEY_UIApplicationSceneManifest_Generation = YES;
				INFOPLIST_KEY_UIApplicationSupportsIndirectInputEvents = YES;
				INFOPLIST_KEY_UILaunchScreen_Generation = YES;
				INFOPLIST_KEY_UISupportedInterfaceOrientations_iPad = "UIInterfaceOrientationPortrait UIInterfaceOrientationPortraitUpsideDown UIInterfaceOrientationLandscapeLeft UIInterfaceOrientationLandscapeRight";
				INFOPLIST_KEY_UISupportedInterfaceOrientations_iPhone = "UIInterfaceOrientationPortrait UIInterfaceOrientationLandscapeLeft UIInterfaceOrientationLandscapeRight";
				LD_RUNPATH_SEARCH_PATHS = (
					"$(inherited)",
					"@executable_path/Frameworks",
				);
				MARKETING_VERSION = 1.0;
				PRODUCT_BUNDLE_IDENTIFIER = IngrediScan;
				PRODUCT_NAME = "$(TARGET_NAME)";
				SWIFT_EMIT_LOC_STRINGS = YES;
				SWIFT_VERSION = 5.0;
				TARGETED_DEVICE_FAMILY = "1,2";
			};
			name = Release;
		};
		D53566272DBB784B007255D1 /* Debug */ = {
			isa = XCBuildConfiguration;
			buildSettings = {
				BUNDLE_LOADER = "$(TEST_HOST)";
				CODE_SIGN_STYLE = Automatic;
				CURRENT_PROJECT_VERSION = 1;
				GENERATE_INFOPLIST_FILE = YES;
				IPHONEOS_DEPLOYMENT_TARGET = 18.4;
				MARKETING_VERSION = 1.0;
				PRODUCT_BUNDLE_IDENTIFIER = com.craftedshine.IngrediScanTests;
				PRODUCT_NAME = "$(TARGET_NAME)";
				SWIFT_EMIT_LOC_STRINGS = NO;
				SWIFT_VERSION = 5.0;
				TARGETED_DEVICE_FAMILY = "1,2";
				TEST_HOST = "$(BUILT_PRODUCTS_DIR)/IngrediScan.app/$(BUNDLE_EXECUTABLE_FOLDER_PATH)/IngrediScan";
			};
			name = Debug;
		};
		D53566282DBB784B007255D1 /* Release */ = {
			isa = XCBuildConfiguration;
			buildSettings = {
				BUNDLE_LOADER = "$(TEST_HOST)";
				CODE_SIGN_STYLE = Automatic;
				CURRENT_PROJECT_VERSION = 1;
				GENERATE_INFOPLIST_FILE = YES;
				IPHONEOS_DEPLOYMENT_TARGET = 18.4;
				MARKETING_VERSION = 1.0;
				PRODUCT_BUNDLE_IDENTIFIER = com.craftedshine.IngrediScanTests;
				PRODUCT_NAME = "$(TARGET_NAME)";
				SWIFT_EMIT_LOC_STRINGS = NO;
				SWIFT_VERSION = 5.0;
				TARGETED_DEVICE_FAMILY = "1,2";
				TEST_HOST = "$(BUILT_PRODUCTS_DIR)/IngrediScan.app/$(BUNDLE_EXECUTABLE_FOLDER_PATH)/IngrediScan";
			};
			name = Release;
		};
		D535662A2DBB784B007255D1 /* Debug */ = {
			isa = XCBuildConfiguration;
			buildSettings = {
				CODE_SIGN_STYLE = Automatic;
				CURRENT_PROJECT_VERSION = 1;
				GENERATE_INFOPLIST_FILE = YES;
				MARKETING_VERSION = 1.0;
				PRODUCT_BUNDLE_IDENTIFIER = com.craftedshine.IngrediScanUITests;
				PRODUCT_NAME = "$(TARGET_NAME)";
				SWIFT_EMIT_LOC_STRINGS = NO;
				SWIFT_VERSION = 5.0;
				TARGETED_DEVICE_FAMILY = "1,2";
				TEST_TARGET_NAME = IngrediScan;
			};
			name = Debug;
		};
		D535662B2DBB784B007255D1 /* Release */ = {
			isa = XCBuildConfiguration;
			buildSettings = {
				CODE_SIGN_STYLE = Automatic;
				CURRENT_PROJECT_VERSION = 1;
				GENERATE_INFOPLIST_FILE = YES;
				MARKETING_VERSION = 1.0;
				PRODUCT_BUNDLE_IDENTIFIER = com.craftedshine.IngrediScanUITests;
				PRODUCT_NAME = "$(TARGET_NAME)";
				SWIFT_EMIT_LOC_STRINGS = NO;
				SWIFT_VERSION = 5.0;
				TARGETED_DEVICE_FAMILY = "1,2";
				TEST_TARGET_NAME = IngrediScan;
			};
			name = Release;
		};
/* End XCBuildConfiguration section */

/* Begin XCConfigurationList section */
		D53565FD2DBB7849007255D1 /* Build configuration list for PBXProject "IngrediScan" */ = {
			isa = XCConfigurationList;
			buildConfigurations = (
				D53566212DBB784B007255D1 /* Debug */,
				D53566222DBB784B007255D1 /* Release */,
			);
			defaultConfigurationIsVisible = 0;
			defaultConfigurationName = Release;
		};
		D53566232DBB784B007255D1 /* Build configuration list for PBXNativeTarget "IngrediScan" */ = {
			isa = XCConfigurationList;
			buildConfigurations = (
				D53566242DBB784B007255D1 /* Debug */,
				D53566252DBB784B007255D1 /* Release */,
			);
			defaultConfigurationIsVisible = 0;
			defaultConfigurationName = Release;
		};
		D53566262DBB784B007255D1 /* Build configuration list for PBXNativeTarget "IngrediScanTests" */ = {
			isa = XCConfigurationList;
			buildConfigurations = (
				D53566272DBB784B007255D1 /* Debug */,
				D53566282DBB784B007255D1 /* Release */,
			);
			defaultConfigurationIsVisible = 0;
			defaultConfigurationName = Release;
		};
		D53566292DBB784B007255D1 /* Build configuration list for PBXNativeTarget "IngrediScanUITests" */ = {
			isa = XCConfigurationList;
			buildConfigurations = (
				D535662A2DBB784B007255D1 /* Debug */,
				D535662B2DBB784B007255D1 /* Release */,
			);
			defaultConfigurationIsVisible = 0;
			defaultConfigurationName = Release;
		};
/* End XCConfigurationList section */

/* Begin XCRemoteSwiftPackageReference section */
		9D6715ED2DE4C78E000173B1 /* XCRemoteSwiftPackageReference "supabase-swift" */ = {
			isa = XCRemoteSwiftPackageReference;
			repositoryURL = "https://github.com/supabase/supabase-swift.git";
			requirement = {
				kind = upToNextMajorVersion;
				minimumVersion = 2.5.1;
			};
		};
/* End XCRemoteSwiftPackageReference section */

/* Begin XCSwiftPackageProductDependency section */
		9D6715F42DE4D02B000173B1 /* Auth */ = {
			isa = XCSwiftPackageProductDependency;
			package = 9D6715ED2DE4C78E000173B1 /* XCRemoteSwiftPackageReference "supabase-swift" */;
			productName = Auth;
		};
		9D6715F62DE4D02B000173B1 /* Functions */ = {
			isa = XCSwiftPackageProductDependency;
			package = 9D6715ED2DE4C78E000173B1 /* XCRemoteSwiftPackageReference "supabase-swift" */;
			productName = Functions;
		};
		9D6715F82DE4D02B000173B1 /* PostgREST */ = {
			isa = XCSwiftPackageProductDependency;
			package = 9D6715ED2DE4C78E000173B1 /* XCRemoteSwiftPackageReference "supabase-swift" */;
			productName = PostgREST;
		};
		9D6715FA2DE4D02B000173B1 /* Realtime */ = {
			isa = XCSwiftPackageProductDependency;
			package = 9D6715ED2DE4C78E000173B1 /* XCRemoteSwiftPackageReference "supabase-swift" */;
			productName = Realtime;
		};
		9D6715FC2DE4D02B000173B1 /* Storage */ = {
			isa = XCSwiftPackageProductDependency;
			package = 9D6715ED2DE4C78E000173B1 /* XCRemoteSwiftPackageReference "supabase-swift" */;
			productName = Storage;
		};
		9D6715FE2DE4D02B000173B1 /* Supabase */ = {
			isa = XCSwiftPackageProductDependency;
			package = 9D6715ED2DE4C78E000173B1 /* XCRemoteSwiftPackageReference "supabase-swift" */;
			productName = Supabase;
		};
/* End XCSwiftPackageProductDependency section */
	};
	rootObject = D53565FA2DBB7849007255D1 /* Project object */;
}
